
Microsoft Visual Studio Solution File, Format Version 12.00
# Visual Studio 15
VisualStudioVersion = 15.0.27703.2042
MinimumVisualStudioVersion = 10.0.40219.1
Project("{FAE04EC0-301F-11D3-BF4B-00C04F79EFBC}") = "Synchronous_Server_Example1", "Synchronous_Server_Example1\Synchronous_Server_Example1.csproj", "{D7D10A31-FB81-4B08-AD7A-C5A58A61F716}"
EndProject
Project("{FAE04EC0-301F-11D3-BF4B-00C04F79EFBC}") = "Synchronous_Client_Example1", "Synchronous_Client_Example1\Synchronous_Client_Example1.csproj", "{8560EA3E-3BFB-4A52-AB0F-886DE88F3162}"
EndProject
Project("{FAE04EC0-301F-11D3-BF4B-00C04F79EFBC}") = "Asynchronous_Client_Example1", "Asynchronous_Client_Example1\Asynchronous_Client_Example1.csproj", "{2D8C4A63-D37C-44DC-94FD-FAA4AF63605E}"
EndProject
Global
	GlobalSection(SolutionConfigurationPlatforms) = preSolution
		Debug|Any CPU = Debug|Any CPU
		Release|Any CPU = Release|Any CPU
	EndGlobalSection
	GlobalSection(ProjectConfigurationPlatforms) = postSolution
		{D7D10A31-FB81-4B08-AD7A-C5A58A61F716}.Debug|Any CPU.ActiveCfg = Debug|Any CPU
		{D7D10A31-FB81-4B08-AD7A-C5A58A61F716}.Debug|Any CPU.Build.0 = Debug|Any CPU
		{D7D10A31-FB81-4B08-AD7A-C5A58A61F716}.Release|Any CPU.ActiveCfg = Release|Any CPU
		{D7D10A31-FB81-4B08-AD7A-C5A58A61F716}.Release|Any CPU.Build.0 = Release|Any CPU
		{8560EA3E-3BFB-4A52-AB0F-886DE88F3162}.Debug|Any CPU.ActiveCfg = Debug|Any CPU
		{8560EA3E-3BFB-4A52-AB0F-886DE88F3162}.Debug|Any CPU.Build.0 = Debug|Any CPU
		{8560EA3E-3BFB-4A52-AB0F-886DE88F3162}.Release|Any CPU.ActiveCfg = Release|Any CPU
		{8560EA3E-3BFB-4A52-AB0F-886DE88F3162}.Release|Any CPU.Build.0 = Release|Any CPU
		{2D8C4A63-D37C-44DC-94FD-FAA4AF63605E}.Debug|Any CPU.ActiveCfg = Debug|Any CPU
		{2D8C4A63-D37C-44DC-94FD-FAA4AF63605E}.Debug|Any CPU.Build.0 = Debug|Any CPU
		{2D8C4A63-D37C-44DC-94FD-FAA4AF63605E}.Release|Any CPU.ActiveCfg = Release|Any CPU
		{2D8C4A63-D37C-44DC-94FD-FAA4AF63605E}.Release|Any CPU.Build.0 = Release|Any CPU
	EndGlobalSection
	GlobalSection(SolutionProperties) = preSolution
		HideSolutionNode = FALSE
	EndGlobalSection
	GlobalSection(ExtensibilityGlobals) = postSolution
		SolutionGuid = {BBF5A654-0A48-498F-B0CB-042625515488}
	EndGlobalSection
EndGlobal
